
Microsoft Visual Studio Solution File, Format Version 12.00
# Visual Studio Version 16
VisualStudioVersion = 16.0.33927.289
MinimumVisualStudioVersion = 10.0.40219.1
Project("{FAE04EC0-301F-11D3-BF4B-00C04F79EFBC}") = "NoMoreAccidentsAPP", "NoMoreAccidentsAPP\NoMoreAccidentsAPP.csproj", "{D0CC1ACD-AD14-496C-AE5E-FB94E96E3A9B}"
EndProject
Project("{FAE04EC0-301F-11D3-BF4B-00C04F79EFBC}") = "NoMoreAccidents.DALC", "NoMoreAccidents.DALC\NoMoreAccidents.DALC.csproj", "{37E73228-9D7D-452E-ABCB-8D8487D42820}"
EndProject
Project("{FAE04EC0-301F-11D3-BF4B-00C04F79EFBC}") = "NoMoreAccidentsWS", "NoMoreAccidentsWS\NoMoreAccidentsWS.csproj", "{A1816C5C-588C-4D7B-B4FD-948A142DAAEE}"
EndProject
Global
	GlobalSection(SolutionConfigurationPlatforms) = preSolution
		Debug|Any CPU = Debug|Any CPU
		Release|Any CPU = Release|Any CPU
	EndGlobalSection
	GlobalSection(ProjectConfigurationPlatforms) = postSolution
		{D0CC1ACD-AD14-496C-AE5E-FB94E96E3A9B}.Debug|Any CPU.ActiveCfg = Debug|Any CPU
		{D0CC1ACD-AD14-496C-AE5E-FB94E96E3A9B}.Debug|Any CPU.Build.0 = Debug|Any CPU
		{D0CC1ACD-AD14-496C-AE5E-FB94E96E3A9B}.Release|Any CPU.ActiveCfg = Release|Any CPU
		{D0CC1ACD-AD14-496C-AE5E-FB94E96E3A9B}.Release|Any CPU.Build.0 = Release|Any CPU
		{37E73228-9D7D-452E-ABCB-8D8487D42820}.Debug|Any CPU.ActiveCfg = Debug|Any CPU
		{37E73228-9D7D-452E-ABCB-8D8487D42820}.Debug|Any CPU.Build.0 = Debug|Any CPU
		{37E73228-9D7D-452E-ABCB-8D8487D42820}.Release|Any CPU.ActiveCfg = Release|Any CPU
		{37E73228-9D7D-452E-ABCB-8D8487D42820}.Release|Any CPU.Build.0 = Release|Any CPU
		{A1816C5C-588C-4D7B-B4FD-948A142DAAEE}.Debug|Any CPU.ActiveCfg = Debug|Any CPU
		{A1816C5C-588C-4D7B-B4FD-948A142DAAEE}.Debug|Any CPU.Build.0 = Debug|Any CPU
		{A1816C5C-588C-4D7B-B4FD-948A142DAAEE}.Release|Any CPU.ActiveCfg = Release|Any CPU
		{A1816C5C-588C-4D7B-B4FD-948A142DAAEE}.Release|Any CPU.Build.0 = Release|Any CPU
	EndGlobalSection
	GlobalSection(SolutionProperties) = preSolution
		HideSolutionNode = FALSE
	EndGlobalSection
	GlobalSection(ExtensibilityGlobals) = postSolution
		SolutionGuid = {0876ED76-4DA3-4CBF-88A4-BE006E27E033}
	EndGlobalSection
EndGlobal
